<?xml version="1.0" encoding="utf-8"?>
<Project ToolsVersion="4.0" xmlns="http://schemas.microsoft.com/developer/msbuild/2003">
  <ItemGroup>
    <ClCompile Include="src\Player.cpp" />
    <ClCompile Include="src\main.cpp" />
    <ClCompile Include="src\MainGame.cpp" />
    <ClCompile Include="src\Navigation.cpp" />
    <ClCompile Include="src\Pathfinding.cpp" />
  </ItemGroup>
  <ItemGroup>
    <ClInclude Include="src\Player.h" />
    <ClInclude Include="src\MainGame.h" />
    <ClInclude Include="src\Navigation.h" />
    <ClInclude Include="src\Pathfinding.h" />
  </ItemGroup>
</Project>