<?xml version="1.0" encoding="utf-8"?>
<Project ToolsVersion="4.0" xmlns="http://schemas.microsoft.com/developer/msbuild/2003">
  <ItemGroup>
    <ClCompile Include="src\main.cpp" />
    <ClCompile Include="src\Navigation.cpp" />
    <ClCompile Include="src\players\Player.cpp">
      <Filter>players</Filter>
    </ClCompile>
    <ClCompile Include="src\players\PlayerManager.cpp">
      <Filter>players</Filter>
    </ClCompile>
    <ClCompile Include="src\CameraManager.cpp" />
    <ClCompile Include="src\drill\DrillAssetRenderer.cpp">
      <Filter>drill</Filter>
    </ClCompile>
    <ClCompile Include="src\drill\DrillManager.cpp">
      <Filter>drill</Filter>
    </ClCompile>
    <ClCompile Include="src\UICoordinator.cpp" />
    <ClCompile Include="src\pathfinding\Pathfinding.cpp">
      <Filter>pathfinding</Filter>
    </ClCompile>
    <ClCompile Include="src\pathfinding\PathRenderer.cpp">
      <Filter>pathfinding</Filter>
    </ClCompile>
    <ClCompile Include="src\scenes\GlobalContext.cpp">
      <Filter>scenes</Filter>
    </ClCompile>
    <ClCompile Include="src\scenes\SceneManager.cpp">
      <Filter>scenes</Filter>
    </ClCompile>
    <ClCompile Include="src\scenes\MainGame.cpp">
      <Filter>scenes</Filter>
    </ClCompile>
    <ClCompile Include="src\scenes\MainMenu.cpp">
      <Filter>scenes</Filter>
    </ClCompile>
    <ClCompile Include="src\interactable\AnimatedPlayerStation.cpp">
      <Filter>interactable</Filter>
    </ClCompile>
    <ClCompile Include="src\interactable\PlayerStation.cpp">
      <Filter>interactable</Filter>
    </ClCompile>
    <ClCompile Include="src\interactable\Holdable.cpp">
      <Filter>interactable</Filter>
    </ClCompile>
    <ClCompile Include="src\interactable\specificStations\Boiler.cpp">
      <Filter>interactable\specificStations</Filter>
    </ClCompile>
    <ClCompile Include="src\interactable\specificStations\WaterTank.cpp">
      <Filter>interactable\specificStations</Filter>
    </ClCompile>
    <ClCompile Include="src\interactable\specificStations\Forge.cpp">
      <Filter>interactable\specificStations</Filter>
    </ClCompile>
    <ClCompile Include="src\pathfinding\SelectedTileRenderer.cpp">
      <Filter>pathfinding</Filter>
    </ClCompile>
    <ClCompile Include="src\drill\PlayerResources.cpp">
      <Filter>drill</Filter>
    </ClCompile>
    <ClCompile Include="src\interactable\specificStations\PipeWorkbench.cpp">
      <Filter>interactable\specificStations</Filter>
    </ClCompile>
  </ItemGroup>
  <ItemGroup>
    <ClInclude Include="src\Navigation.h" />
    <ClInclude Include="src\players\Player.h">
      <Filter>players</Filter>
    </ClInclude>
    <ClInclude Include="src\players\PlayerManager.h">
      <Filter>players</Filter>
    </ClInclude>
    <ClInclude Include="src\CameraManager.h" />
    <ClInclude Include="src\drill\DrillAssetRenderer.h">
      <Filter>drill</Filter>
    </ClInclude>
    <ClInclude Include="src\drill\DrillManager.h">
      <Filter>drill</Filter>
    </ClInclude>
    <ClInclude Include="src\UICoordinator.h" />
    <ClInclude Include="src\pathfinding\Pathfinding.h">
      <Filter>pathfinding</Filter>
    </ClInclude>
    <ClInclude Include="src\pathfinding\PathRenderer.h">
      <Filter>pathfinding</Filter>
    </ClInclude>
    <ClInclude Include="resource.h">
      <Filter>icon</Filter>
    </ClInclude>
    <ClInclude Include="src\scenes\GlobalContext.h">
      <Filter>scenes</Filter>
    </ClInclude>
    <ClInclude Include="src\scenes\SceneManager.h">
      <Filter>scenes</Filter>
    </ClInclude>
    <ClInclude Include="src\scenes\MainGame.h">
      <Filter>scenes</Filter>
    </ClInclude>
    <ClInclude Include="src\scenes\MainMenu.h">
      <Filter>scenes</Filter>
    </ClInclude>
    <ClInclude Include="src\interactable\AnimatedPlayerStation.h">
      <Filter>interactable</Filter>
    </ClInclude>
    <ClInclude Include="src\interactable\PlayerStation.h">
      <Filter>interactable</Filter>
    </ClInclude>
    <ClInclude Include="src\interactable\Holdable.h">
      <Filter>interactable</Filter>
    </ClInclude>
    <ClInclude Include="src\interactable\specificStations\Boiler.h">
      <Filter>interactable\specificStations</Filter>
    </ClInclude>
    <ClInclude Include="src\interactable\specificStations\WaterTank.h">
      <Filter>interactable\specificStations</Filter>
    </ClInclude>
    <ClInclude Include="src\interactable\specificStations\Forge.h">
      <Filter>interactable\specificStations</Filter>
    </ClInclude>
    <ClInclude Include="src\pathfinding\SelectedTileRenderer.h">
      <Filter>pathfinding</Filter>
    </ClInclude>
    <ClInclude Include="src\drill\PlayerResources.h">
      <Filter>drill</Filter>
    </ClInclude>
    <ClInclude Include="src\interactable\specificStations\PipeWorkbench.h">
      <Filter>interactable\specificStations</Filter>
    </ClInclude>
  </ItemGroup>
  <ItemGroup>
    <Filter Include="players">
      <UniqueIdentifier>{751ce89e-2a6b-4583-8d29-b7665321c6cf}</UniqueIdentifier>
    </Filter>
    <Filter Include="drill">
      <UniqueIdentifier>{758a71ed-bb0a-4bdd-9865-ae370068a4b0}</UniqueIdentifier>
    </Filter>
    <Filter Include="pathfinding">
      <UniqueIdentifier>{49162868-9ea9-4899-87fb-fb41e86879fb}</UniqueIdentifier>
    </Filter>
    <Filter Include="icon">
      <UniqueIdentifier>{08367519-b396-46b1-99d2-bfc03c27085a}</UniqueIdentifier>
    </Filter>
    <Filter Include="scenes">
      <UniqueIdentifier>{6753c400-5855-4681-9e49-f3406cf572f2}</UniqueIdentifier>
    </Filter>
    <Filter Include="interactable">
      <UniqueIdentifier>{b2d42e9b-c84e-4912-9811-c6817d9bb548}</UniqueIdentifier>
    </Filter>
    <Filter Include="interactable\specificStations">
      <UniqueIdentifier>{3d4451f7-c2a9-4cba-a76e-a716df923c16}</UniqueIdentifier>
    </Filter>
  </ItemGroup>
  <ItemGroup>
    <Image Include="icon1.ico">
      <Filter>icon</Filter>
    </Image>
  </ItemGroup>
  <ItemGroup>
    <ResourceCompile Include="Scoundrills.rc">
      <Filter>icon</Filter>
    </ResourceCompile>
  </ItemGroup>
</Project>